
Microsoft Visual Studio Solution File, Format Version 12.00
# Visual Studio Version 17
VisualStudioVersion = 17.3.32929.385
MinimumVisualStudioVersion = 10.0.40219.1
Project("{FAE04EC0-301F-11D3-BF4B-00C04F79EFBC}") = "FitnessKing", "FitnessKing.csproj", "{751CFDA3-56A9-4F7B-B5C0-515AEC3E7884}"
EndProject
Project("{FAE04EC0-301F-11D3-BF4B-00C04F79EFBC}") = "FitnessKingTests", "..\FitnessKingTests\FitnessKingTests.csproj", "{D7223502-C6AB-4B15-B3BF-5D172CAE2FC6}"
EndProject
Global
	GlobalSection(SolutionConfigurationPlatforms) = preSolution
		Debug|Any CPU = Debug|Any CPU
		Release|Any CPU = Release|Any CPU
	EndGlobalSection
	GlobalSection(ProjectConfigurationPlatforms) = postSolution
		{751CFDA3-56A9-4F7B-B5C0-515AEC3E7884}.Debug|Any CPU.ActiveCfg = Debug|Any CPU
		{751CFDA3-56A9-4F7B-B5C0-515AEC3E7884}.Debug|Any CPU.Build.0 = Debug|Any CPU
		{751CFDA3-56A9-4F7B-B5C0-515AEC3E7884}.Release|Any CPU.ActiveCfg = Release|Any CPU
		{751CFDA3-56A9-4F7B-B5C0-515AEC3E7884}.Release|Any CPU.Build.0 = Release|Any CPU
		{D7223502-C6AB-4B15-B3BF-5D172CAE2FC6}.Debug|Any CPU.ActiveCfg = Debug|Any CPU
		{D7223502-C6AB-4B15-B3BF-5D172CAE2FC6}.Debug|Any CPU.Build.0 = Debug|Any CPU
		{D7223502-C6AB-4B15-B3BF-5D172CAE2FC6}.Release|Any CPU.ActiveCfg = Release|Any CPU
		{D7223502-C6AB-4B15-B3BF-5D172CAE2FC6}.Release|Any CPU.Build.0 = Release|Any CPU
	EndGlobalSection
	GlobalSection(SolutionProperties) = preSolution
		HideSolutionNode = FALSE
	EndGlobalSection
	GlobalSection(ExtensibilityGlobals) = postSolution
		SolutionGuid = {F7801453-6E74-454C-9EF9-9C09ACA83F5A}
	EndGlobalSection
EndGlobal
